
Microsoft Visual Studio Solution File, Format Version 12.00
# Visual Studio 14
VisualStudioVersion = 14.0.24720.0
MinimumVisualStudioVersion = 10.0.40219.1
Project("{2150E333-8FDC-42A3-9474-1A3956D46DE8}") = "Application", "Application", "{85A71044-17F9-4D98-9EC6-E609609EFB4F}"
EndProject
Project("{FAE04EC0-301F-11D3-BF4B-00C04F79EFBC}") = "Application.Resistance", "Application.Resistance\Application.Resistance.csproj", "{4703072C-DF4B-4DBB-BE9C-669235F250A3}"
EndProject
Project("{FAE04EC0-301F-11D3-BF4B-00C04F79EFBC}") = "ResistanceCommon", "ResistanceCommon\ResistanceCommon.csproj", "{E522094F-7EA7-4D32-B833-3FE2FF7E809B}"
EndProject
Project("{2150E333-8FDC-42A3-9474-1A3956D46DE8}") = "Common", "Common", "{40F220F3-73B4-4A0D-8FB3-46C5A4944E5A}"
EndProject
Project("{2150E333-8FDC-42A3-9474-1A3956D46DE8}") = "Distributed Services", "Distributed Services", "{0A08F8EC-9641-4CB3-9606-91E8AA4DE360}"
EndProject
Project("{FAE04EC0-301F-11D3-BF4B-00C04F79EFBC}") = "Resistance.Host", "Resistance.Host\Resistance.Host.csproj", "{E5467578-45F8-4CFF-98C6-1CAB798CDDDB}"
EndProject
Project("{FAE04EC0-301F-11D3-BF4B-00C04F79EFBC}") = "Application.Resistance.Testing", "Application.Resistance.Testing\Application.Resistance.Testing.csproj", "{E5BF0739-1A10-44D5-8B9F-AEDDEDBAFB78}"
EndProject
Global
	GlobalSection(SolutionConfigurationPlatforms) = preSolution
		Debug|Any CPU = Debug|Any CPU
		Debug|ARM = Debug|ARM
		Debug|x64 = Debug|x64
		Debug|x86 = Debug|x86
		Release|Any CPU = Release|Any CPU
		Release|ARM = Release|ARM
		Release|x64 = Release|x64
		Release|x86 = Release|x86
	EndGlobalSection
	GlobalSection(ProjectConfigurationPlatforms) = postSolution
		{4703072C-DF4B-4DBB-BE9C-669235F250A3}.Debug|Any CPU.ActiveCfg = Debug|Any CPU
		{4703072C-DF4B-4DBB-BE9C-669235F250A3}.Debug|Any CPU.Build.0 = Debug|Any CPU
		{4703072C-DF4B-4DBB-BE9C-669235F250A3}.Debug|ARM.ActiveCfg = Debug|Any CPU
		{4703072C-DF4B-4DBB-BE9C-669235F250A3}.Debug|ARM.Build.0 = Debug|Any CPU
		{4703072C-DF4B-4DBB-BE9C-669235F250A3}.Debug|x64.ActiveCfg = Debug|Any CPU
		{4703072C-DF4B-4DBB-BE9C-669235F250A3}.Debug|x64.Build.0 = Debug|Any CPU
		{4703072C-DF4B-4DBB-BE9C-669235F250A3}.Debug|x86.ActiveCfg = Debug|Any CPU
		{4703072C-DF4B-4DBB-BE9C-669235F250A3}.Debug|x86.Build.0 = Debug|Any CPU
		{4703072C-DF4B-4DBB-BE9C-669235F250A3}.Release|Any CPU.ActiveCfg = Release|Any CPU
		{4703072C-DF4B-4DBB-BE9C-669235F250A3}.Release|Any CPU.Build.0 = Release|Any CPU
		{4703072C-DF4B-4DBB-BE9C-669235F250A3}.Release|ARM.ActiveCfg = Release|Any CPU
		{4703072C-DF4B-4DBB-BE9C-669235F250A3}.Release|ARM.Build.0 = Release|Any CPU
		{4703072C-DF4B-4DBB-BE9C-669235F250A3}.Release|x64.ActiveCfg = Release|Any CPU
		{4703072C-DF4B-4DBB-BE9C-669235F250A3}.Release|x64.Build.0 = Release|Any CPU
		{4703072C-DF4B-4DBB-BE9C-669235F250A3}.Release|x86.ActiveCfg = Release|Any CPU
		{4703072C-DF4B-4DBB-BE9C-669235F250A3}.Release|x86.Build.0 = Release|Any CPU
		{E522094F-7EA7-4D32-B833-3FE2FF7E809B}.Debug|Any CPU.ActiveCfg = Debug|Any CPU
		{E522094F-7EA7-4D32-B833-3FE2FF7E809B}.Debug|Any CPU.Build.0 = Debug|Any CPU
		{E522094F-7EA7-4D32-B833-3FE2FF7E809B}.Debug|ARM.ActiveCfg = Debug|Any CPU
		{E522094F-7EA7-4D32-B833-3FE2FF7E809B}.Debug|ARM.Build.0 = Debug|Any CPU
		{E522094F-7EA7-4D32-B833-3FE2FF7E809B}.Debug|x64.ActiveCfg = Debug|Any CPU
		{E522094F-7EA7-4D32-B833-3FE2FF7E809B}.Debug|x64.Build.0 = Debug|Any CPU
		{E522094F-7EA7-4D32-B833-3FE2FF7E809B}.Debug|x86.ActiveCfg = Debug|Any CPU
		{E522094F-7EA7-4D32-B833-3FE2FF7E809B}.Debug|x86.Build.0 = Debug|Any CPU
		{E522094F-7EA7-4D32-B833-3FE2FF7E809B}.Release|Any CPU.ActiveCfg = Release|Any CPU
		{E522094F-7EA7-4D32-B833-3FE2FF7E809B}.Release|Any CPU.Build.0 = Release|Any CPU
		{E522094F-7EA7-4D32-B833-3FE2FF7E809B}.Release|ARM.ActiveCfg = Release|Any CPU
		{E522094F-7EA7-4D32-B833-3FE2FF7E809B}.Release|ARM.Build.0 = Release|Any CPU
		{E522094F-7EA7-4D32-B833-3FE2FF7E809B}.Release|x64.ActiveCfg = Release|Any CPU
		{E522094F-7EA7-4D32-B833-3FE2FF7E809B}.Release|x64.Build.0 = Release|Any CPU
		{E522094F-7EA7-4D32-B833-3FE2FF7E809B}.Release|x86.ActiveCfg = Release|Any CPU
		{E522094F-7EA7-4D32-B833-3FE2FF7E809B}.Release|x86.Build.0 = Release|Any CPU
		{E5467578-45F8-4CFF-98C6-1CAB798CDDDB}.Debug|Any CPU.ActiveCfg = Debug|Any CPU
		{E5467578-45F8-4CFF-98C6-1CAB798CDDDB}.Debug|Any CPU.Build.0 = Debug|Any CPU
		{E5467578-45F8-4CFF-98C6-1CAB798CDDDB}.Debug|ARM.ActiveCfg = Debug|Any CPU
		{E5467578-45F8-4CFF-98C6-1CAB798CDDDB}.Debug|ARM.Build.0 = Debug|Any CPU
		{E5467578-45F8-4CFF-98C6-1CAB798CDDDB}.Debug|x64.ActiveCfg = Debug|Any CPU
		{E5467578-45F8-4CFF-98C6-1CAB798CDDDB}.Debug|x64.Build.0 = Debug|Any CPU
		{E5467578-45F8-4CFF-98C6-1CAB798CDDDB}.Debug|x86.ActiveCfg = Debug|Any CPU
		{E5467578-45F8-4CFF-98C6-1CAB798CDDDB}.Debug|x86.Build.0 = Debug|Any CPU
		{E5467578-45F8-4CFF-98C6-1CAB798CDDDB}.Release|Any CPU.ActiveCfg = Release|Any CPU
		{E5467578-45F8-4CFF-98C6-1CAB798CDDDB}.Release|Any CPU.Build.0 = Release|Any CPU
		{E5467578-45F8-4CFF-98C6-1CAB798CDDDB}.Release|ARM.ActiveCfg = Release|Any CPU
		{E5467578-45F8-4CFF-98C6-1CAB798CDDDB}.Release|ARM.Build.0 = Release|Any CPU
		{E5467578-45F8-4CFF-98C6-1CAB798CDDDB}.Release|x64.ActiveCfg = Release|Any CPU
		{E5467578-45F8-4CFF-98C6-1CAB798CDDDB}.Release|x64.Build.0 = Release|Any CPU
		{E5467578-45F8-4CFF-98C6-1CAB798CDDDB}.Release|x86.ActiveCfg = Release|Any CPU
		{E5467578-45F8-4CFF-98C6-1CAB798CDDDB}.Release|x86.Build.0 = Release|Any CPU
		{E5BF0739-1A10-44D5-8B9F-AEDDEDBAFB78}.Debug|Any CPU.ActiveCfg = Debug|Any CPU
		{E5BF0739-1A10-44D5-8B9F-AEDDEDBAFB78}.Debug|Any CPU.Build.0 = Debug|Any CPU
		{E5BF0739-1A10-44D5-8B9F-AEDDEDBAFB78}.Debug|ARM.ActiveCfg = Debug|Any CPU
		{E5BF0739-1A10-44D5-8B9F-AEDDEDBAFB78}.Debug|ARM.Build.0 = Debug|Any CPU
		{E5BF0739-1A10-44D5-8B9F-AEDDEDBAFB78}.Debug|x64.ActiveCfg = Debug|Any CPU
		{E5BF0739-1A10-44D5-8B9F-AEDDEDBAFB78}.Debug|x64.Build.0 = Debug|Any CPU
		{E5BF0739-1A10-44D5-8B9F-AEDDEDBAFB78}.Debug|x86.ActiveCfg = Debug|Any CPU
		{E5BF0739-1A10-44D5-8B9F-AEDDEDBAFB78}.Debug|x86.Build.0 = Debug|Any CPU
		{E5BF0739-1A10-44D5-8B9F-AEDDEDBAFB78}.Release|Any CPU.ActiveCfg = Release|Any CPU
		{E5BF0739-1A10-44D5-8B9F-AEDDEDBAFB78}.Release|Any CPU.Build.0 = Release|Any CPU
		{E5BF0739-1A10-44D5-8B9F-AEDDEDBAFB78}.Release|ARM.ActiveCfg = Release|Any CPU
		{E5BF0739-1A10-44D5-8B9F-AEDDEDBAFB78}.Release|ARM.Build.0 = Release|Any CPU
		{E5BF0739-1A10-44D5-8B9F-AEDDEDBAFB78}.Release|x64.ActiveCfg = Release|Any CPU
		{E5BF0739-1A10-44D5-8B9F-AEDDEDBAFB78}.Release|x64.Build.0 = Release|Any CPU
		{E5BF0739-1A10-44D5-8B9F-AEDDEDBAFB78}.Release|x86.ActiveCfg = Release|Any CPU
		{E5BF0739-1A10-44D5-8B9F-AEDDEDBAFB78}.Release|x86.Build.0 = Release|Any CPU
	EndGlobalSection
	GlobalSection(SolutionProperties) = preSolution
		HideSolutionNode = FALSE
	EndGlobalSection
	GlobalSection(NestedProjects) = preSolution
		{4703072C-DF4B-4DBB-BE9C-669235F250A3} = {85A71044-17F9-4D98-9EC6-E609609EFB4F}
		{E522094F-7EA7-4D32-B833-3FE2FF7E809B} = {40F220F3-73B4-4A0D-8FB3-46C5A4944E5A}
		{E5467578-45F8-4CFF-98C6-1CAB798CDDDB} = {0A08F8EC-9641-4CB3-9606-91E8AA4DE360}
		{E5BF0739-1A10-44D5-8B9F-AEDDEDBAFB78} = {85A71044-17F9-4D98-9EC6-E609609EFB4F}
	EndGlobalSection
EndGlobal
